
Microsoft Visual Studio Solution File, Format Version 12.00
# Visual Studio Version 17
VisualStudioVersion = 17.4.33110.190
MinimumVisualStudioVersion = 10.0.40219.1
Project("{FAE04EC0-301F-11D3-BF4B-00C04F79EFBC}") = "19-Arrays", "19-Arrays.csproj", "{6ECEF769-9970-4270-A97A-67A4CA3CAEEA}"
EndProject
Global
	GlobalSection(SolutionConfigurationPlatforms) = preSolution
		Debug|Any CPU = Debug|Any CPU
		Release|Any CPU = Release|Any CPU
	EndGlobalSection
	GlobalSection(ProjectConfigurationPlatforms) = postSolution
		{6ECEF769-9970-4270-A97A-67A4CA3CAEEA}.Debug|Any CPU.ActiveCfg = Debug|Any CPU
		{6ECEF769-9970-4270-A97A-67A4CA3CAEEA}.Debug|Any CPU.Build.0 = Debug|Any CPU
		{6ECEF769-9970-4270-A97A-67A4CA3CAEEA}.Release|Any CPU.ActiveCfg = Release|Any CPU
		{6ECEF769-9970-4270-A97A-67A4CA3CAEEA}.Release|Any CPU.Build.0 = Release|Any CPU
	EndGlobalSection
	GlobalSection(SolutionProperties) = preSolution
		HideSolutionNode = FALSE
	EndGlobalSection
	GlobalSection(ExtensibilityGlobals) = postSolution
		SolutionGuid = {0D56443E-3721-4AB8-BA03-EF0CF37CFC7D}
	EndGlobalSection
EndGlobal
