
Microsoft Visual Studio Solution File, Format Version 12.00
# Visual Studio Version 17
VisualStudioVersion = 17.4.33110.190
MinimumVisualStudioVersion = 10.0.40219.1
Project("{FAE04EC0-301F-11D3-BF4B-00C04F79EFBC}") = "08-Entrada-dados", "08-Entrada-dados.csproj", "{9172F671-97DD-4B44-A3DB-DA9C3749179C}"
EndProject
Global
	GlobalSection(SolutionConfigurationPlatforms) = preSolution
		Debug|Any CPU = Debug|Any CPU
		Release|Any CPU = Release|Any CPU
	EndGlobalSection
	GlobalSection(ProjectConfigurationPlatforms) = postSolution
		{9172F671-97DD-4B44-A3DB-DA9C3749179C}.Debug|Any CPU.ActiveCfg = Debug|Any CPU
		{9172F671-97DD-4B44-A3DB-DA9C3749179C}.Debug|Any CPU.Build.0 = Debug|Any CPU
		{9172F671-97DD-4B44-A3DB-DA9C3749179C}.Release|Any CPU.ActiveCfg = Release|Any CPU
		{9172F671-97DD-4B44-A3DB-DA9C3749179C}.Release|Any CPU.Build.0 = Release|Any CPU
	EndGlobalSection
	GlobalSection(SolutionProperties) = preSolution
		HideSolutionNode = FALSE
	EndGlobalSection
	GlobalSection(ExtensibilityGlobals) = postSolution
		SolutionGuid = {2228CF4C-BBE0-496F-8F7B-B2A47055B5AA}
	EndGlobalSection
EndGlobal
