
Microsoft Visual Studio Solution File, Format Version 12.00
# Visual Studio Version 17
VisualStudioVersion = 17.4.33110.190
MinimumVisualStudioVersion = 10.0.40219.1
Project("{FAE04EC0-301F-11D3-BF4B-00C04F79EFBC}") = "73-MutexeSemaphore", "73-MutexeSemaphore.csproj", "{D431ABEE-770A-42B8-93EC-70F8DB853EAE}"
EndProject
Global
	GlobalSection(SolutionConfigurationPlatforms) = preSolution
		Debug|Any CPU = Debug|Any CPU
		Release|Any CPU = Release|Any CPU
	EndGlobalSection
	GlobalSection(ProjectConfigurationPlatforms) = postSolution
		{D431ABEE-770A-42B8-93EC-70F8DB853EAE}.Debug|Any CPU.ActiveCfg = Debug|Any CPU
		{D431ABEE-770A-42B8-93EC-70F8DB853EAE}.Debug|Any CPU.Build.0 = Debug|Any CPU
		{D431ABEE-770A-42B8-93EC-70F8DB853EAE}.Release|Any CPU.ActiveCfg = Release|Any CPU
		{D431ABEE-770A-42B8-93EC-70F8DB853EAE}.Release|Any CPU.Build.0 = Release|Any CPU
	EndGlobalSection
	GlobalSection(SolutionProperties) = preSolution
		HideSolutionNode = FALSE
	EndGlobalSection
	GlobalSection(ExtensibilityGlobals) = postSolution
		SolutionGuid = {29E673D9-7864-4888-B24E-8F2DBFB41262}
	EndGlobalSection
EndGlobal
