
Microsoft Visual Studio Solution File, Format Version 12.00
# Visual Studio Version 17
VisualStudioVersion = 17.4.33110.190
MinimumVisualStudioVersion = 10.0.40219.1
Project("{FAE04EC0-301F-11D3-BF4B-00C04F79EFBC}") = "18-AprofundamentoTipoDateTime", "18-AprofundamentoTipoDateTime.csproj", "{BE6132F5-62DA-48CD-9DDD-40DC8032C86F}"
EndProject
Global
	GlobalSection(SolutionConfigurationPlatforms) = preSolution
		Debug|Any CPU = Debug|Any CPU
		Release|Any CPU = Release|Any CPU
	EndGlobalSection
	GlobalSection(ProjectConfigurationPlatforms) = postSolution
		{BE6132F5-62DA-48CD-9DDD-40DC8032C86F}.Debug|Any CPU.ActiveCfg = Debug|Any CPU
		{BE6132F5-62DA-48CD-9DDD-40DC8032C86F}.Debug|Any CPU.Build.0 = Debug|Any CPU
		{BE6132F5-62DA-48CD-9DDD-40DC8032C86F}.Release|Any CPU.ActiveCfg = Release|Any CPU
		{BE6132F5-62DA-48CD-9DDD-40DC8032C86F}.Release|Any CPU.Build.0 = Release|Any CPU
	EndGlobalSection
	GlobalSection(SolutionProperties) = preSolution
		HideSolutionNode = FALSE
	EndGlobalSection
	GlobalSection(ExtensibilityGlobals) = postSolution
		SolutionGuid = {C1C90F5F-1F9A-41FA-A46A-1793434C857C}
	EndGlobalSection
EndGlobal
