
Microsoft Visual Studio Solution File, Format Version 12.00
# Visual Studio Version 17
VisualStudioVersion = 17.4.33110.190
MinimumVisualStudioVersion = 10.0.40219.1
Project("{FAE04EC0-301F-11D3-BF4B-00C04F79EFBC}") = "25-TerceiroProjeto", "25-TerceiroProjeto.csproj", "{4E725783-337E-456F-9173-43CB02835738}"
EndProject
Global
	GlobalSection(SolutionConfigurationPlatforms) = preSolution
		Debug|Any CPU = Debug|Any CPU
		Release|Any CPU = Release|Any CPU
	EndGlobalSection
	GlobalSection(ProjectConfigurationPlatforms) = postSolution
		{4E725783-337E-456F-9173-43CB02835738}.Debug|Any CPU.ActiveCfg = Debug|Any CPU
		{4E725783-337E-456F-9173-43CB02835738}.Debug|Any CPU.Build.0 = Debug|Any CPU
		{4E725783-337E-456F-9173-43CB02835738}.Release|Any CPU.ActiveCfg = Release|Any CPU
		{4E725783-337E-456F-9173-43CB02835738}.Release|Any CPU.Build.0 = Release|Any CPU
	EndGlobalSection
	GlobalSection(SolutionProperties) = preSolution
		HideSolutionNode = FALSE
	EndGlobalSection
	GlobalSection(ExtensibilityGlobals) = postSolution
		SolutionGuid = {CE5DE682-73E3-4FEB-BD5B-96F8E6E9E48F}
	EndGlobalSection
EndGlobal
