
Microsoft Visual Studio Solution File, Format Version 12.00
# Visual Studio Version 17
VisualStudioVersion = 17.4.33122.133
MinimumVisualStudioVersion = 10.0.40219.1
Project("{FAE04EC0-301F-11D3-BF4B-00C04F79EFBC}") = "22-ProjetoFatorial", "22-ProjetoFatorial\22-ProjetoFatorial.csproj", "{D8089C61-3EF2-4DDA-9C32-3226BF7171D4}"
EndProject
Global
	GlobalSection(SolutionConfigurationPlatforms) = preSolution
		Debug|Any CPU = Debug|Any CPU
		Release|Any CPU = Release|Any CPU
	EndGlobalSection
	GlobalSection(ProjectConfigurationPlatforms) = postSolution
		{D8089C61-3EF2-4DDA-9C32-3226BF7171D4}.Debug|Any CPU.ActiveCfg = Debug|Any CPU
		{D8089C61-3EF2-4DDA-9C32-3226BF7171D4}.Debug|Any CPU.Build.0 = Debug|Any CPU
		{D8089C61-3EF2-4DDA-9C32-3226BF7171D4}.Release|Any CPU.ActiveCfg = Release|Any CPU
		{D8089C61-3EF2-4DDA-9C32-3226BF7171D4}.Release|Any CPU.Build.0 = Release|Any CPU
	EndGlobalSection
	GlobalSection(SolutionProperties) = preSolution
		HideSolutionNode = FALSE
	EndGlobalSection
	GlobalSection(ExtensibilityGlobals) = postSolution
		SolutionGuid = {3387A1D0-EC7E-44B3-AADE-AD7E9A3E484A}
	EndGlobalSection
EndGlobal
