
Microsoft Visual Studio Solution File, Format Version 12.00
# Visual Studio Version 17
VisualStudioVersion = 17.4.33122.133
MinimumVisualStudioVersion = 10.0.40219.1
Project("{FAE04EC0-301F-11D3-BF4B-00C04F79EFBC}") = "23-ProjetoLoginConsole", "23-ProjetoLoginConsole\23-ProjetoLoginConsole.csproj", "{58CBE738-9B8F-46BD-A282-F30ACAF37FFE}"
EndProject
Global
	GlobalSection(SolutionConfigurationPlatforms) = preSolution
		Debug|Any CPU = Debug|Any CPU
		Release|Any CPU = Release|Any CPU
	EndGlobalSection
	GlobalSection(ProjectConfigurationPlatforms) = postSolution
		{58CBE738-9B8F-46BD-A282-F30ACAF37FFE}.Debug|Any CPU.ActiveCfg = Debug|Any CPU
		{58CBE738-9B8F-46BD-A282-F30ACAF37FFE}.Debug|Any CPU.Build.0 = Debug|Any CPU
		{58CBE738-9B8F-46BD-A282-F30ACAF37FFE}.Release|Any CPU.ActiveCfg = Release|Any CPU
		{58CBE738-9B8F-46BD-A282-F30ACAF37FFE}.Release|Any CPU.Build.0 = Release|Any CPU
	EndGlobalSection
	GlobalSection(SolutionProperties) = preSolution
		HideSolutionNode = FALSE
	EndGlobalSection
	GlobalSection(ExtensibilityGlobals) = postSolution
		SolutionGuid = {3E662544-F262-4A8D-BFFE-3CE853EF6531}
	EndGlobalSection
EndGlobal
